{
    "_meta": {
        "hash": {
            "sha256": "81806fc7d2efbe355e392883d65d570d0f30da3e4dfa00aab8ec010ad8ff3a25"
        },
        "pipfile-spec": 6,
        "requires": {
            "python_version": "2.7"
        },
        "sources": [
            {
                "name": "pypi",
                "url": "https://pypi.org/simple",
                "verify_ssl": true
            }
        ]
    },
    "default": {
        "decorator": {
            "hashes": [
                "sha256:86156361c50488b84a3f148056ea716ca587df2f0de1d34750d35c21312725de",
                "sha256:f069f3a01830ca754ba5258fde2278454a0b5b79e0d7f5c13b3b97e57d4acff6"
            ],
            "version": "==4.4.0"
        },
        "imagehash": {
            "hashes": [
                "sha256:d7d95534e32e7b9c949029cf9f8383f50fbc3f2246d030da9cd277a8a99d23a3",
                "sha256:f50b2427fc54b87ac7e73d7ba9e7a876a77384645563f225eed1d82e628d07fa"
            ],
            "index": "pypi",
            "version": "==4.0"
        },
        "networkx": {
            "hashes": [
                "sha256:0d0e70e10dfb47601cbb3425a00e03e2a2e97477be6f80638fef91d54dd1e4b8",
                "sha256:1b229b54fe9ccb009cee4de02a88552191497a542a7d5d34adab216b9f15c1ff",
                "sha256:b3e0144d5fe6b7479b694e1b598a5545a38f3fc6f1e3c09173eb30f0c7a5770e"
            ],
            "index": "pypi",
            "version": "==1.11"
        },
        "numpy": {
            "hashes": [
                "sha256:00836128feaf9a7c7fedeea05ad593e7965f523d23fe3ffbf20cfffd88e9f2b1",
                "sha256:03b28330253904d410c3c82d66329f29645eb54a7345cb7dd7a1529d61fa603f",
                "sha256:1594aec94e4896e0688f4f405481fda50fb70547000ae71f2e894299a088a661",
                "sha256:27aa457590268cb059c47daa8c55f48c610ce81da8a062ec117f74efa9124ec9",
                "sha256:2c5a556272c67566e8f4607d1c78ad98e954fa6c32802002a4a0b029ad8dd759",
                "sha256:37fdd3bb05caaaacac58015cfa38e38b006ee9cef1eaacdb70bb68c16ac7db1d",
                "sha256:3a96e59f61c7a8f8838d0f4d19daeba551c5f07c5cdd5c81e8e9d4089ade0042",
                "sha256:3d6a354bb1a1ce2cabd47e0bdcf25364322fb55a29efb59f76944d7ee546d8b6",
                "sha256:4208b225ae049641a7a99ab92e84ce9d642ded8250d2b6c9fd61a7fa8c072561",
                "sha256:46469e7fcb689036e72ce61c3d432ed35eb4c71b5119e894845b434b0fae5813",
                "sha256:4d790e2a37aa3350667d8bb8acc919010c7e46234c3d615738564ddc6d22026f",
                "sha256:612297115bade249a118616c065597ff2e5e1f47ed220d7ba71f3e6c6ebcd814",
                "sha256:8bb452d94e964b312205b0de1238dd7209da452343653ab214b5d681780e7a0c",
                "sha256:911d91ffc6688db0454d69318584415f7dfb0fc1b8ac9b549234e39495684230",
                "sha256:9a2b950bca9faca0145491ae9fd214c432f2b1e36783399bc2c3732e7bcc94f4",
                "sha256:ada1a1cd68b9874fa480bd287438f92bd7ce88ca0dd6e8d56c70f2b3dab97314",
                "sha256:ceb353e3ae840ce76256935b18c17236ca808509f231f41d5173d7b2680d5e77",
                "sha256:dbc9e9a6a5e0c4f57498855d4e30ef8b599c0ce13fdf9d64299197508d67d9e8",
                "sha256:e6ce7c0051ed5443f8343da2a14580aa438822ae6526900332c4564f371d2aaf",
                "sha256:f42e21d8db16315bc30b437bff63d6b143befb067b8cd396fa3ef17f1c21e1a0",
                "sha256:f7fb27c0562206787011cf299c03f663c604b58a35a9c2b5218ba6485a17b145",
                "sha256:fada0492dd35412cd96e0578677e9a4bdae8f102ef2b631301fcf19066b57119",
                "sha256:fb207362394567343d84c0462ec3ba203a21c78be9a0fdbb94982e76859ec37e"
            ],
            "version": "==1.16.5"
        },
        "pillow": {
            "hashes": [
                "sha256:00fdeb23820f30e43bba78eb9abb00b7a937a655de7760b2e09101d63708b64e",
                "sha256:01f948e8220c85eae1aa1a7f8edddcec193918f933fb07aaebe0bfbbcffefbf1",
                "sha256:08abf39948d4b5017a137be58f1a52b7101700431f0777bec3d897c3949f74e6",
                "sha256:099a61618b145ecb50c6f279666bbc398e189b8bc97544ae32b8fcb49ad6b830",
                "sha256:2c1c61546e73de62747e65807d2cc4980c395d4c5600ecb1f47a650c6fa78c79",
                "sha256:2ed9c4f694861642401f27dc3cb99772be67cd190e84845c749dae0a06c3bfae",
                "sha256:338581b30b908e111be578f0297255f6b57a51358cd16fa0e6f664c9a1f88bff",
                "sha256:38c7d48a21cd06fdeee93987147b9b1c55b73b4cfcbf83240568bfbd5adee447",
                "sha256:43fd026f613c8e48a25eba1a92f4d2ad7f3903c95d8c33a11611a7717d2ab654",
                "sha256:4548236844327a718ce3bb182ab32a16fa2050c61e334e959f554cac052fb0df",
                "sha256:5090857876c58885cfa388dc649e5db30aae98a068c26f3fd0ac9d7d9a4d9572",
                "sha256:5bbba34f97a26a93f5e8dec469ca4ddd712451418add43da946dbaed7f7a98d2",
                "sha256:65a28969a025a0eb4594637b6103201dc4ed2a9508bdab56ac33e43e3081c404",
                "sha256:892bb52b70bd5ea9dbbc3ac44f38e84f5a04e9d8b1bff48159d96cb795b81159",
                "sha256:8a9becd5cbd5062f973bcd2e7bc79483af310222de112b6541f8af1f93a3cc42",
                "sha256:972a7aaeb7c4a2795b52eef52ee991ef040b31009f36deca6207a986607b55f3",
                "sha256:97b119c436bfa96a92ac2ca525f7025836d4d4e64b1c9f9eff8dbaf3ff1d86f3",
                "sha256:9ba37698e242223f8053cc158f130aee046a96feacbeab65893dbe94f5530118",
                "sha256:b1b0e1f626a0f079c0d3696db70132fb1f29aa87c66aecb6501a9b8be64ce9f7",
                "sha256:c14c1224fd1a5be2733530d648a316974dbbb3c946913562c6005a76f21ca042",
                "sha256:c79a8546c48ae6465189e54e3245a97ddf21161e33ff7eaa42787353417bb2b6",
                "sha256:ceb76935ac4ebdf6d7bc845482a4450b284c6ccfb281e34da51d510658ab34d8",
                "sha256:e22bffaad04b4d16e1c091baed7f2733fc1ebb91e0c602abf1b6834d17158b1f",
                "sha256:ec883b8e44d877bda6f94a36313a1c6063f8b1997aa091628ae2f34c7f97c8d5",
                "sha256:f1baa54d50ec031d1a9beb89974108f8f2c0706f49798f4777df879df0e1adb6",
                "sha256:f53a5385932cda1e2c862d89460992911a89768c65d176ff8c50cddca4d29bed"
            ],
            "index": "pypi",
            "version": "==6.2.0"
        },
        "pywavelets": {
            "hashes": [
                "sha256:1efa2fd11b027ae1b0401b8b5cfd77ced2cb38de4fcd1a2477b434e0b93578f2",
                "sha256:323c65a309107845b1af3705b81a95ffce9b57b4f3bfb3ae46d56c743a46593c",
                "sha256:3dc54cb09ab0b8f317a2b96f336f53eacfdc4372281d271290b726dfa918207b",
                "sha256:40c78903463d42b3fa2afffc0bd71aba8385c51ecfee27dbb5f241f2c2e0cf94",
                "sha256:4eba151fedfca0352172eb4740db685b42ad044affa3900127e4439696f22548",
                "sha256:56a584b20e09f78bb899f790a7b78ff2da54dde706dc1dde23660c0d148bbd59",
                "sha256:5faa62f505fc2035a61286771ccb092276338c6e8689e2215c325a0c52c9ca0b",
                "sha256:61e05790c20b10230e3088bf7906976de98e85f5fe50f4cc8cc816f03523b139",
                "sha256:6ace0622a2ae98cd15074ad575e5b7ca5f070f8ef43b0674299fcb8ef7734d75",
                "sha256:718e411ff3150a230c32cfd5c26a1cfce6a6880aba7991298840eaafb49ad312",
                "sha256:78aa71f5c5dd2e0ffb71dcfc1f474cc0e50117473f7af7c0e34110df56cfab11",
                "sha256:97d215a921c3873fa9d9804428b2126ab1d4088dba6da7fbe51dfc8947419519",
                "sha256:a5046497f7c3a4c2f0101e8693730a49c46d66b000f3a4a07d7fa3a656ebc7d5",
                "sha256:b0013b6baf75176c11ebcca48d6a5220c81e38df9890813e22e8befd2f8f6abb",
                "sha256:c4bf7da0632c974ee54bbcd09f67dfc8747e14e8753182ed0217d927eea30c61",
                "sha256:d8b80b999e457ca72abe56959b9ff7fc2408ba9dad0d8a5d7f6ec21da0ce5b47",
                "sha256:db9f57bbbf7284d28b4bc1aa838fad348b486092bf86e3c189ec7f25403e12aa",
                "sha256:e46b98ece731bc9280a276b59cb72246c43f5202b13fecff82d3a83705d8db00",
                "sha256:e90d85962c97df38ceecf77a1e4312dd9002399bbfa4d275a86f100da0b70044",
                "sha256:fd03939bf5ecadc5f369c1d71674d98fac47ca8b2b30bde77111af6d75351338"
            ],
            "version": "==1.1.0"
        },
        "scipy": {
            "hashes": [
                "sha256:0bcababa06ff83138a7f30a68f334dee034ce1cc7604f9278b96f62265fe7fd7",
                "sha256:162b803984ebb76927990d7233cab825d146be8e2a3f6a0efb1b3a61ebacae73",
                "sha256:271c6e56c8f9a3d6c3f0bc857d7a6e7cf7a8415c879a3915701cd011e82a83a3",
                "sha256:2eb255b30dac7516c6f3c5237f2e0ad1f1213b5364de409d932249c9a8c5bffb",
                "sha256:447c40d33ec5e0020750fadbb8599220b9eb9fd8798030efe9b308247800f364",
                "sha256:4686d699f76068757a81269f1a111c0db689bf048a56b131a339803121534fa8",
                "sha256:47d4623efa71948dc4a92f978fbf6b9fb69dac5b0f0fae4c1a1f3d955ac8aea9",
                "sha256:49dcebc6f57bce0bd23cb55dbc6144f4990e5cbce9aab3128af03d6b1b4eab6a",
                "sha256:5fa84b467b5f77c243c5701628ed7a4238e53bc4120db87be7dafa416e842fb9",
                "sha256:67d2210c7f6f585e1055bee3dc9f15610b5ebb04e80bfaa757868937ee744fec",
                "sha256:682b210ff7a65f6f5245fdf73d26a348b57e42d2059bc5fcf7ed25d063f35c45",
                "sha256:7f58faa422aa493d7b70dd56d6e8783223e84dd6e7f4b4161bd776b39ecbac92",
                "sha256:7fb4efff9895116428ad65564d2232fb1cac4b9d84398512a858b09dd4a7fd59",
                "sha256:922e2370674c82dd1367fc13a08c8765f4e5281a584d871e7cb454828d84600f",
                "sha256:97f26b4b5d4456f44849fd35cad8801f7cae4e64b75fc4e522d26a54aef17391",
                "sha256:9a21d64d002cb3a9239a55c0aa100b48d58b5e38382c0fdfcdfc68cf417d8142",
                "sha256:a4331e0b8dab1ff75d2c67b5158a8bb9a83c799d7140094dda936d876c7cfbb1",
                "sha256:a9fc1fcaa560edf771d4545d7e6dd865a213fc5b485bb127de5dfd32f40094e1",
                "sha256:b074a83299a82eae617dc46a830cfa7aaa588d07523990507848ee1ded3c52ce",
                "sha256:bcd0d4b2de5cb3fab69007214a39737e917267f56f887ce9c7732ba3278fc33d",
                "sha256:c390f1721757ec983616149f00e1bd0432aa32d2c1d9398930d7e7cc9542c922",
                "sha256:c5b9db9e3f6537bf7b308de12c185b27f22fb9a66fd12efc7aefbcfa0adb4d82",
                "sha256:d0d41a9ee3264f95820138170b447f5d3e453e5ebd10b411bca37c99237aac69",
                "sha256:d18d1575d4a54f128c0f34422bd73ce0f177e462d6124f074388e211d8dc2616",
                "sha256:e99cd49daffe7384fd35046c3b14bee98ce87d97c95865469227001905534e13",
                "sha256:f4e355afa8fdda11010de308c2376edda29e064cec699974097364115f71e16f",
                "sha256:f64e29a8b32d672fb6078f456bfff3cae8f36b6c8b64c337ad0942f29404b03f",
                "sha256:fbdff021643c2dfa35efd29218e0318c4b4987f48ea432be7e8c02bdb1b0c314"
            ],
            "version": "==1.2.2"
        },
        "six": {
            "hashes": [
                "sha256:3350809f0555b11f552448330d0b52d5f24c91a322ea4a15ef22629740f3761c",
                "sha256:d16a0141ec1a18405cd4ce8b4613101da75da0e9a7aec5bdd4fa804d0e0eba73"
            ],
            "version": "==1.12.0"
        }
    },
    "develop": {}
}
